// !$*UTF8*$!
{
	archiveVersion = 1;
	classes = {
	};
	objectVersion = 54;
	objects = {

/* Begin PBXBuildFile section */
		4BBE02D52B58F3CD00C2E5C5 /* GoogleService-Info.plist in Resources */ = {isa = PBXBuildFile; fileRef = 4BBE02D42B58F3CD00C2E5C5 /* GoogleService-Info.plist */; };
		4BC666AF2B5B7C5900C5E619 /* BaseViewController.swift in Sources */ = {isa = PBXBuildFile; fileRef = 4BC666AE2B5B7C5900C5E619 /* BaseViewController.swift */; };
		4BE5EEC92B57A22200C1EE52 /* FirebaseAnalytics in Frameworks */ = {isa = PBXBuildFile; productRef = 4BE5EEC82B57A22200C1EE52 /* FirebaseAnalytics */; };
		4BE5EECB2B57A22200C1EE52 /* FirebaseAnalyticsOnDeviceConversion in Frameworks */ = {isa = PBXBuildFile; productRef = 4BE5EECA2B57A22200C1EE52 /* FirebaseAnalyticsOnDeviceConversion */; };
		4BE5EECD2B57A22200C1EE52 /* FirebaseAnalyticsSwift in Frameworks */ = {isa = PBXBuildFile; productRef = 4BE5EECC2B57A22200C1EE52 /* FirebaseAnalyticsSwift */; };
		4BE5EECF2B57A22200C1EE52 /* FirebaseAnalyticsWithoutAdIdSupport in Frameworks */ = {isa = PBXBuildFile; productRef = 4BE5EECE2B57A22200C1EE52 /* FirebaseAnalyticsWithoutAdIdSupport */; };
		4BE5EED12B57A22200C1EE52 /* FirebaseAppCheck in Frameworks */ = {isa = PBXBuildFile; productRef = 4BE5EED02B57A22200C1EE52 /* FirebaseAppCheck */; };
		4BE5EED32B57A22200C1EE52 /* FirebaseAppDistribution-Beta in Frameworks */ = {isa = PBXBuildFile; productRef = 4BE5EED22B57A22200C1EE52 /* FirebaseAppDistribution-Beta */; };
		4BE5EED52B57A22200C1EE52 /* FirebaseAuth in Frameworks */ = {isa = PBXBuildFile; productRef = 4BE5EED42B57A22200C1EE52 /* FirebaseAuth */; };
		4BE5EED72B57A22200C1EE52 /* FirebaseAuthCombine-Community in Frameworks */ = {isa = PBXBuildFile; productRef = 4BE5EED62B57A22200C1EE52 /* FirebaseAuthCombine-Community */; };
		4BE5EED92B57A22200C1EE52 /* FirebaseCrashlytics in Frameworks */ = {isa = PBXBuildFile; productRef = 4BE5EED82B57A22200C1EE52 /* FirebaseCrashlytics */; };
		4BE5EEDB2B57A22200C1EE52 /* FirebaseDatabase in Frameworks */ = {isa = PBXBuildFile; productRef = 4BE5EEDA2B57A22200C1EE52 /* FirebaseDatabase */; };
		4BE5EEDD2B57A22200C1EE52 /* FirebaseDatabaseSwift in Frameworks */ = {isa = PBXBuildFile; productRef = 4BE5EEDC2B57A22200C1EE52 /* FirebaseDatabaseSwift */; };
		4BE5EEDF2B57A22200C1EE52 /* FirebaseDynamicLinks in Frameworks */ = {isa = PBXBuildFile; productRef = 4BE5EEDE2B57A22200C1EE52 /* FirebaseDynamicLinks */; };
		4BE5EEE12B57A22200C1EE52 /* FirebaseFirestore in Frameworks */ = {isa = PBXBuildFile; productRef = 4BE5EEE02B57A22200C1EE52 /* FirebaseFirestore */; };
		4BE5EEE32B57A22200C1EE52 /* FirebaseFirestoreCombine-Community in Frameworks */ = {isa = PBXBuildFile; productRef = 4BE5EEE22B57A22200C1EE52 /* FirebaseFirestoreCombine-Community */; };
		4BE5EEE52B57A22200C1EE52 /* FirebaseFirestoreSwift in Frameworks */ = {isa = PBXBuildFile; productRef = 4BE5EEE42B57A22200C1EE52 /* FirebaseFirestoreSwift */; };
		4BE5EEE72B57A22200C1EE52 /* FirebaseFunctions in Frameworks */ = {isa = PBXBuildFile; productRef = 4BE5EEE62B57A22200C1EE52 /* FirebaseFunctions */; };
		4BE5EEE92B57A22200C1EE52 /* FirebaseFunctionsCombine-Community in Frameworks */ = {isa = PBXBuildFile; productRef = 4BE5EEE82B57A22200C1EE52 /* FirebaseFunctionsCombine-Community */; };
		4BE5EEEB2B57A22200C1EE52 /* FirebaseInAppMessaging-Beta in Frameworks */ = {isa = PBXBuildFile; productRef = 4BE5EEEA2B57A22200C1EE52 /* FirebaseInAppMessaging-Beta */; };
		4BE5EEED2B57A22200C1EE52 /* FirebaseInAppMessagingSwift-Beta in Frameworks */ = {isa = PBXBuildFile; productRef = 4BE5EEEC2B57A22200C1EE52 /* FirebaseInAppMessagingSwift-Beta */; };
		4BE5EEEF2B57A22200C1EE52 /* FirebaseInstallations in Frameworks */ = {isa = PBXBuildFile; productRef = 4BE5EEEE2B57A22200C1EE52 /* FirebaseInstallations */; };
		4BE5EEF12B57A22200C1EE52 /* FirebaseMLModelDownloader in Frameworks */ = {isa = PBXBuildFile; productRef = 4BE5EEF02B57A22200C1EE52 /* FirebaseMLModelDownloader */; };
		4BE5EEF32B57A22200C1EE52 /* FirebaseMessaging in Frameworks */ = {isa = PBXBuildFile; productRef = 4BE5EEF22B57A22200C1EE52 /* FirebaseMessaging */; };
		4BE5EEF52B57A22200C1EE52 /* FirebasePerformance in Frameworks */ = {isa = PBXBuildFile; productRef = 4BE5EEF42B57A22200C1EE52 /* FirebasePerformance */; };
		4BE5EEF72B57A22200C1EE52 /* FirebaseRemoteConfig in Frameworks */ = {isa = PBXBuildFile; productRef = 4BE5EEF62B57A22200C1EE52 /* FirebaseRemoteConfig */; };
		4BE5EEF92B57A22200C1EE52 /* FirebaseRemoteConfigSwift in Frameworks */ = {isa = PBXBuildFile; productRef = 4BE5EEF82B57A22200C1EE52 /* FirebaseRemoteConfigSwift */; };
		4BE5EEFB2B57A22200C1EE52 /* FirebaseStorage in Frameworks */ = {isa = PBXBuildFile; productRef = 4BE5EEFA2B57A22200C1EE52 /* FirebaseStorage */; };
		4BE5EEFD2B57A22200C1EE52 /* FirebaseStorageCombine-Community in Frameworks */ = {isa = PBXBuildFile; productRef = 4BE5EEFC2B57A22200C1EE52 /* FirebaseStorageCombine-Community */; };
		4BE5EF002B57A32400C1EE52 /* TinyConstraints in Frameworks */ = {isa = PBXBuildFile; productRef = 4BE5EEFF2B57A32400C1EE52 /* TinyConstraints */; };
		55203D9B24BA2BD8009FAA8D /* LoginViewController.swift in Sources */ = {isa = PBXBuildFile; fileRef = 55203D9924BA2BD8009FAA8D /* LoginViewController.swift */; };
		55203D9C24BA2BD8009FAA8D /* LoginViewController.xib in Resources */ = {isa = PBXBuildFile; fileRef = 55203D9A24BA2BD8009FAA8D /* LoginViewController.xib */; };
		5522B9762471301B00D4A354 /* AppDelegate.swift in Sources */ = {isa = PBXBuildFile; fileRef = 5522B9752471301B00D4A354 /* AppDelegate.swift */; };
		5522B9782471301B00D4A354 /* SceneDelegate.swift in Sources */ = {isa = PBXBuildFile; fileRef = 5522B9772471301B00D4A354 /* SceneDelegate.swift */; };
		5522B97F2471301E00D4A354 /* Assets.xcassets in Resources */ = {isa = PBXBuildFile; fileRef = 5522B97E2471301E00D4A354 /* Assets.xcassets */; };
		5522B9822471301E00D4A354 /* LaunchScreen.storyboard in Resources */ = {isa = PBXBuildFile; fileRef = 5522B9802471301E00D4A354 /* LaunchScreen.storyboard */; };
		5522B99124713F6700D4A354 /* SignUpViewController.swift in Sources */ = {isa = PBXBuildFile; fileRef = 5522B98F24713F6700D4A354 /* SignUpViewController.swift */; };
		5522B99224713F6700D4A354 /* SignUpViewController.xib in Resources */ = {isa = PBXBuildFile; fileRef = 5522B99024713F6700D4A354 /* SignUpViewController.xib */; };
		5529C7BE24D5BD530068ACBE /* Extensions.swift in Sources */ = {isa = PBXBuildFile; fileRef = 5529C7BD24D5BD530068ACBE /* Extensions.swift */; };
		55433300249A850800D101CA /* HomeViewModel.swift in Sources */ = {isa = PBXBuildFile; fileRef = 554332FF249A850800D101CA /* HomeViewModel.swift */; };
		55433303249A946500D101CA /* Dynamic.swift in Sources */ = {isa = PBXBuildFile; fileRef = 55433302249A946500D101CA /* Dynamic.swift */; };
		55433307249AA1A800D101CA /* HomeTableViewCell.swift in Sources */ = {isa = PBXBuildFile; fileRef = 55433306249AA1A800D101CA /* HomeTableViewCell.swift */; };
		556BB27D24A8AE5100B26325 /* FireStoreDemo.xcdatamodeld in Sources */ = {isa = PBXBuildFile; fileRef = 556BB27B24A8AE5100B26325 /* FireStoreDemo.xcdatamodeld */; };
		556BB28024A8AFCC00B26325 /* LocalDataBase+CoreDataProperties copy.swift in Sources */ = {isa = PBXBuildFile; fileRef = 556BB27E24A8AFCC00B26325 /* LocalDataBase+CoreDataProperties copy.swift */; };
		556BB28124A8AFCC00B26325 /* LocalDataBase+CoreDataClass copy.swift in Sources */ = {isa = PBXBuildFile; fileRef = 556BB27F24A8AFCC00B26325 /* LocalDataBase+CoreDataClass copy.swift */; };
		556E58C7247D5CD400246DDE /* HomeViewController.swift in Sources */ = {isa = PBXBuildFile; fileRef = 556E58C6247D5CD400246DDE /* HomeViewController.swift */; };
		556E58CA247D5D7000246DDE /* UserData.swift in Sources */ = {isa = PBXBuildFile; fileRef = 556E58C9247D5D7000246DDE /* UserData.swift */; };
		55730F8424DE7EE700DD36FF /* ChatViewController.swift in Sources */ = {isa = PBXBuildFile; fileRef = 55730F8324DE7EE700DD36FF /* ChatViewController.swift */; };
		5573ECEC2586751900EC074E /* CustomNavigationBar.swift in Sources */ = {isa = PBXBuildFile; fileRef = 5573ECEB2586751900EC074E /* CustomNavigationBar.swift */; };
		5573ECF22586761300EC074E /* CustomNavigationBar.xib in Resources */ = {isa = PBXBuildFile; fileRef = 5573ECF12586761300EC074E /* CustomNavigationBar.xib */; };
		55A89E6324DB1C38008C05A0 /* Utility.swift in Sources */ = {isa = PBXBuildFile; fileRef = 55A89E6224DB1C38008C05A0 /* Utility.swift */; };
		55C1149A24D70EC000E39D94 /* ListingViewController.swift in Sources */ = {isa = PBXBuildFile; fileRef = 55C1149924D70EC000E39D94 /* ListingViewController.swift */; };
		55CDF1A624D9C22F00409326 /* NewFriendTableViewCell.swift in Sources */ = {isa = PBXBuildFile; fileRef = 55CDF1A524D9C22F00409326 /* NewFriendTableViewCell.swift */; };
		55E271B824E437E100AC9E9E /* BaseChatModel.swift in Sources */ = {isa = PBXBuildFile; fileRef = 55E271B724E437E100AC9E9E /* BaseChatModel.swift */; };
		55E271BA24E43DAF00AC9E9E /* ChatCell.swift in Sources */ = {isa = PBXBuildFile; fileRef = 55E271B924E43DAF00AC9E9E /* ChatCell.swift */; };
/* End PBXBuildFile section */

/* Begin PBXFileReference section */
		4BBE02D42B58F3CD00C2E5C5 /* GoogleService-Info.plist */ = {isa = PBXFileReference; fileEncoding = 4; lastKnownFileType = text.plist.xml; path = "GoogleService-Info.plist"; sourceTree = "<group>"; };
		4BC666AE2B5B7C5900C5E619 /* BaseViewController.swift */ = {isa = PBXFileReference; lastKnownFileType = sourcecode.swift; path = BaseViewController.swift; sourceTree = "<group>"; };
		55203D9924BA2BD8009FAA8D /* LoginViewController.swift */ = {isa = PBXFileReference; lastKnownFileType = sourcecode.swift; path = LoginViewController.swift; sourceTree = "<group>"; };
		55203D9A24BA2BD8009FAA8D /* LoginViewController.xib */ = {isa = PBXFileReference; lastKnownFileType = file.xib; path = LoginViewController.xib; sourceTree = "<group>"; };
		5522B9722471301B00D4A354 /* FireStoreDemo.app */ = {isa = PBXFileReference; explicitFileType = wrapper.application; includeInIndex = 0; path = FireStoreDemo.app; sourceTree = BUILT_PRODUCTS_DIR; };
		5522B9752471301B00D4A354 /* AppDelegate.swift */ = {isa = PBXFileReference; lastKnownFileType = sourcecode.swift; path = AppDelegate.swift; sourceTree = "<group>"; };
		5522B9772471301B00D4A354 /* SceneDelegate.swift */ = {isa = PBXFileReference; lastKnownFileType = sourcecode.swift; path = SceneDelegate.swift; sourceTree = "<group>"; };
		5522B97E2471301E00D4A354 /* Assets.xcassets */ = {isa = PBXFileReference; lastKnownFileType = folder.assetcatalog; path = Assets.xcassets; sourceTree = "<group>"; };
		5522B9812471301E00D4A354 /* Base */ = {isa = PBXFileReference; lastKnownFileType = file.storyboard; name = Base; path = Base.lproj/LaunchScreen.storyboard; sourceTree = "<group>"; };
		5522B9832471301E00D4A354 /* Info.plist */ = {isa = PBXFileReference; lastKnownFileType = text.plist.xml; path = Info.plist; sourceTree = "<group>"; };
		5522B98F24713F6700D4A354 /* SignUpViewController.swift */ = {isa = PBXFileReference; lastKnownFileType = sourcecode.swift; path = SignUpViewController.swift; sourceTree = "<group>"; };
		5522B99024713F6700D4A354 /* SignUpViewController.xib */ = {isa = PBXFileReference; lastKnownFileType = file.xib; path = SignUpViewController.xib; sourceTree = "<group>"; };
		5529C7BD24D5BD530068ACBE /* Extensions.swift */ = {isa = PBXFileReference; lastKnownFileType = sourcecode.swift; path = Extensions.swift; sourceTree = "<group>"; };
		554332FF249A850800D101CA /* HomeViewModel.swift */ = {isa = PBXFileReference; lastKnownFileType = sourcecode.swift; path = HomeViewModel.swift; sourceTree = "<group>"; };
		55433302249A946500D101CA /* Dynamic.swift */ = {isa = PBXFileReference; lastKnownFileType = sourcecode.swift; path = Dynamic.swift; sourceTree = "<group>"; };
		55433306249AA1A800D101CA /* HomeTableViewCell.swift */ = {isa = PBXFileReference; lastKnownFileType = sourcecode.swift; path = HomeTableViewCell.swift; sourceTree = "<group>"; };
		556BB27C24A8AE5100B26325 /* FireStoreDemo.xcdatamodel */ = {isa = PBXFileReference; lastKnownFileType = wrapper.xcdatamodel; path = FireStoreDemo.xcdatamodel; sourceTree = "<group>"; };
		556BB27E24A8AFCC00B26325 /* LocalDataBase+CoreDataProperties copy.swift */ = {isa = PBXFileReference; fileEncoding = 4; lastKnownFileType = sourcecode.swift; path = "LocalDataBase+CoreDataProperties copy.swift"; sourceTree = "<group>"; };
		556BB27F24A8AFCC00B26325 /* LocalDataBase+CoreDataClass copy.swift */ = {isa = PBXFileReference; fileEncoding = 4; lastKnownFileType = sourcecode.swift; path = "LocalDataBase+CoreDataClass copy.swift"; sourceTree = "<group>"; };
		556E58C6247D5CD400246DDE /* HomeViewController.swift */ = {isa = PBXFileReference; lastKnownFileType = sourcecode.swift; path = HomeViewController.swift; sourceTree = "<group>"; };
		556E58C9247D5D7000246DDE /* UserData.swift */ = {isa = PBXFileReference; lastKnownFileType = sourcecode.swift; path = UserData.swift; sourceTree = "<group>"; };
		55730F8324DE7EE700DD36FF /* ChatViewController.swift */ = {isa = PBXFileReference; lastKnownFileType = sourcecode.swift; path = ChatViewController.swift; sourceTree = "<group>"; };
		5573ECEB2586751900EC074E /* CustomNavigationBar.swift */ = {isa = PBXFileReference; lastKnownFileType = sourcecode.swift; path = CustomNavigationBar.swift; sourceTree = "<group>"; };
		5573ECF12586761300EC074E /* CustomNavigationBar.xib */ = {isa = PBXFileReference; lastKnownFileType = file.xib; path = CustomNavigationBar.xib; sourceTree = "<group>"; };
		55A89E6224DB1C38008C05A0 /* Utility.swift */ = {isa = PBXFileReference; lastKnownFileType = sourcecode.swift; path = Utility.swift; sourceTree = "<group>"; };
		55C1149924D70EC000E39D94 /* ListingViewController.swift */ = {isa = PBXFileReference; lastKnownFileType = sourcecode.swift; path = ListingViewController.swift; sourceTree = "<group>"; };
		55CDF1A524D9C22F00409326 /* NewFriendTableViewCell.swift */ = {isa = PBXFileReference; lastKnownFileType = sourcecode.swift; path = NewFriendTableViewCell.swift; sourceTree = "<group>"; };
		55E271B724E437E100AC9E9E /* BaseChatModel.swift */ = {isa = PBXFileReference; lastKnownFileType = sourcecode.swift; path = BaseChatModel.swift; sourceTree = "<group>"; };
		55E271B924E43DAF00AC9E9E /* ChatCell.swift */ = {isa = PBXFileReference; lastKnownFileType = sourcecode.swift; path = ChatCell.swift; sourceTree = "<group>"; };
/* End PBXFileReference section */

/* Begin PBXFrameworksBuildPhase section */
		5522B96F2471301B00D4A354 /* Frameworks */ = {
			isa = PBXFrameworksBuildPhase;
			buildActionMask = 2147483647;
			files = (
				4BE5EEDB2B57A22200C1EE52 /* FirebaseDatabase in Frameworks */,
				4BE5EEE92B57A22200C1EE52 /* FirebaseFunctionsCombine-Community in Frameworks */,
				4BE5EEE12B57A22200C1EE52 /* FirebaseFirestore in Frameworks */,
				4BE5EECD2B57A22200C1EE52 /* FirebaseAnalyticsSwift in Frameworks */,
				4BE5EEC92B57A22200C1EE52 /* FirebaseAnalytics in Frameworks */,
				4BE5EECB2B57A22200C1EE52 /* FirebaseAnalyticsOnDeviceConversion in Frameworks */,
				4BE5EEF12B57A22200C1EE52 /* FirebaseMLModelDownloader in Frameworks */,
				4BE5EF002B57A32400C1EE52 /* TinyConstraints in Frameworks */,
				4BE5EEE52B57A22200C1EE52 /* FirebaseFirestoreSwift in Frameworks */,
				4BE5EED12B57A22200C1EE52 /* FirebaseAppCheck in Frameworks */,
				4BE5EECF2B57A22200C1EE52 /* FirebaseAnalyticsWithoutAdIdSupport in Frameworks */,
				4BE5EED52B57A22200C1EE52 /* FirebaseAuth in Frameworks */,
				4BE5EED92B57A22200C1EE52 /* FirebaseCrashlytics in Frameworks */,
				4BE5EEF92B57A22200C1EE52 /* FirebaseRemoteConfigSwift in Frameworks */,
				4BE5EEEB2B57A22200C1EE52 /* FirebaseInAppMessaging-Beta in Frameworks */,
				4BE5EEDD2B57A22200C1EE52 /* FirebaseDatabaseSwift in Frameworks */,
				4BE5EEE72B57A22200C1EE52 /* FirebaseFunctions in Frameworks */,
				4BE5EEFD2B57A22200C1EE52 /* FirebaseStorageCombine-Community in Frameworks */,
				4BE5EEF72B57A22200C1EE52 /* FirebaseRemoteConfig in Frameworks */,
				4BE5EED32B57A22200C1EE52 /* FirebaseAppDistribution-Beta in Frameworks */,
				4BE5EED72B57A22200C1EE52 /* FirebaseAuthCombine-Community in Frameworks */,
				4BE5EEF52B57A22200C1EE52 /* FirebasePerformance in Frameworks */,
				4BE5EEED2B57A22200C1EE52 /* FirebaseInAppMessagingSwift-Beta in Frameworks */,
				4BE5EEFB2B57A22200C1EE52 /* FirebaseStorage in Frameworks */,
				4BE5EEDF2B57A22200C1EE52 /* FirebaseDynamicLinks in Frameworks */,
				4BE5EEE32B57A22200C1EE52 /* FirebaseFirestoreCombine-Community in Frameworks */,
				4BE5EEF32B57A22200C1EE52 /* FirebaseMessaging in Frameworks */,
				4BE5EEEF2B57A22200C1EE52 /* FirebaseInstallations in Frameworks */,
			);
			runOnlyForDeploymentPostprocessing = 0;
		};
/* End PBXFrameworksBuildPhase section */

/* Begin PBXGroup section */
		5522B9692471301B00D4A354 = {
			isa = PBXGroup;
			children = (
				5522B9742471301B00D4A354 /* FireStoreDemo */,
				5522B9732471301B00D4A354 /* Products */,
			);
			sourceTree = "<group>";
		};
		5522B9732471301B00D4A354 /* Products */ = {
			isa = PBXGroup;
			children = (
				5522B9722471301B00D4A354 /* FireStoreDemo.app */,
			);
			name = Products;
			sourceTree = "<group>";
		};
		5522B9742471301B00D4A354 /* FireStoreDemo */ = {
			isa = PBXGroup;
			children = (
				55433304249AA15300D101CA /* Views */,
				55433301249A942300D101CA /* Helpers */,
				554332FE249A84F100D101CA /* Modals */,
				556E58C8247D5D5100246DDE /* UserData */,
				5522B9932471477D00D4A354 /* viewControllers */,
				5522B9752471301B00D4A354 /* AppDelegate.swift */,
				5522B9772471301B00D4A354 /* SceneDelegate.swift */,
				5522B97E2471301E00D4A354 /* Assets.xcassets */,
				5522B9802471301E00D4A354 /* LaunchScreen.storyboard */,
				5522B9832471301E00D4A354 /* Info.plist */,
				4BBE02D42B58F3CD00C2E5C5 /* GoogleService-Info.plist */,
				556BB27B24A8AE5100B26325 /* FireStoreDemo.xcdatamodeld */,
			);
			path = FireStoreDemo;
			sourceTree = "<group>";
		};
		5522B9932471477D00D4A354 /* viewControllers */ = {
			isa = PBXGroup;
			children = (
				5522B98F24713F6700D4A354 /* SignUpViewController.swift */,
				5522B99024713F6700D4A354 /* SignUpViewController.xib */,
				556E58C6247D5CD400246DDE /* HomeViewController.swift */,
				55203D9924BA2BD8009FAA8D /* LoginViewController.swift */,
				55203D9A24BA2BD8009FAA8D /* LoginViewController.xib */,
				55C1149924D70EC000E39D94 /* ListingViewController.swift */,
				55730F8324DE7EE700DD36FF /* ChatViewController.swift */,
				4BC666AE2B5B7C5900C5E619 /* BaseViewController.swift */,
			);
			path = viewControllers;
			sourceTree = "<group>";
		};
		554332FE249A84F100D101CA /* Modals */ = {
			isa = PBXGroup;
			children = (
				554332FF249A850800D101CA /* HomeViewModel.swift */,
				55E271B724E437E100AC9E9E /* BaseChatModel.swift */,
			);
			path = Modals;
			sourceTree = "<group>";
		};
		55433301249A942300D101CA /* Helpers */ = {
			isa = PBXGroup;
			children = (
				55433302249A946500D101CA /* Dynamic.swift */,
				5529C7BD24D5BD530068ACBE /* Extensions.swift */,
				55A89E6224DB1C38008C05A0 /* Utility.swift */,
			);
			path = Helpers;
			sourceTree = "<group>";
		};
		55433304249AA15300D101CA /* Views */ = {
			isa = PBXGroup;
			children = (
				5573ECE8258671A000EC074E /* CustomNavigationBar */,
				55433305249AA15C00D101CA /* Cells */,
			);
			path = Views;
			sourceTree = "<group>";
		};
		55433305249AA15C00D101CA /* Cells */ = {
			isa = PBXGroup;
			children = (
				55433306249AA1A800D101CA /* HomeTableViewCell.swift */,
				55CDF1A524D9C22F00409326 /* NewFriendTableViewCell.swift */,
				55E271B924E43DAF00AC9E9E /* ChatCell.swift */,
			);
			path = Cells;
			sourceTree = "<group>";
		};
		556E58C8247D5D5100246DDE /* UserData */ = {
			isa = PBXGroup;
			children = (
				556BB27E24A8AFCC00B26325 /* LocalDataBase+CoreDataProperties copy.swift */,
				556BB27F24A8AFCC00B26325 /* LocalDataBase+CoreDataClass copy.swift */,
				556E58C9247D5D7000246DDE /* UserData.swift */,
			);
			path = UserData;
			sourceTree = "<group>";
		};
		5573ECE8258671A000EC074E /* CustomNavigationBar */ = {
			isa = PBXGroup;
			children = (
				5573ECEB2586751900EC074E /* CustomNavigationBar.swift */,
				5573ECF12586761300EC074E /* CustomNavigationBar.xib */,
			);
			path = CustomNavigationBar;
			sourceTree = "<group>";
		};
/* End PBXGroup section */

/* Begin PBXNativeTarget section */
		5522B9712471301B00D4A354 /* FireStoreDemo */ = {
			isa = PBXNativeTarget;
			buildConfigurationList = 5522B9862471301E00D4A354 /* Build configuration list for PBXNativeTarget "FireStoreDemo" */;
			buildPhases = (
				5522B96E2471301B00D4A354 /* Sources */,
				5522B96F2471301B00D4A354 /* Frameworks */,
				5522B9702471301B00D4A354 /* Resources */,
			);
			buildRules = (
			);
			dependencies = (
			);
			name = FireStoreDemo;
			packageProductDependencies = (
				4BE5EEC82B57A22200C1EE52 /* FirebaseAnalytics */,
				4BE5EECA2B57A22200C1EE52 /* FirebaseAnalyticsOnDeviceConversion */,
				4BE5EECC2B57A22200C1EE52 /* FirebaseAnalyticsSwift */,
				4BE5EECE2B57A22200C1EE52 /* FirebaseAnalyticsWithoutAdIdSupport */,
				4BE5EED02B57A22200C1EE52 /* FirebaseAppCheck */,
				4BE5EED22B57A22200C1EE52 /* FirebaseAppDistribution-Beta */,
				4BE5EED42B57A22200C1EE52 /* FirebaseAuth */,
				4BE5EED62B57A22200C1EE52 /* FirebaseAuthCombine-Community */,
				4BE5EED82B57A22200C1EE52 /* FirebaseCrashlytics */,
				4BE5EEDA2B57A22200C1EE52 /* FirebaseDatabase */,
				4BE5EEDC2B57A22200C1EE52 /* FirebaseDatabaseSwift */,
				4BE5EEDE2B57A22200C1EE52 /* FirebaseDynamicLinks */,
				4BE5EEE02B57A22200C1EE52 /* FirebaseFirestore */,
				4BE5EEE22B57A22200C1EE52 /* FirebaseFirestoreCombine-Community */,
				4BE5EEE42B57A22200C1EE52 /* FirebaseFirestoreSwift */,
				4BE5EEE62B57A22200C1EE52 /* FirebaseFunctions */,
				4BE5EEE82B57A22200C1EE52 /* FirebaseFunctionsCombine-Community */,
				4BE5EEEA2B57A22200C1EE52 /* FirebaseInAppMessaging-Beta */,
				4BE5EEEC2B57A22200C1EE52 /* FirebaseInAppMessagingSwift-Beta */,
				4BE5EEEE2B57A22200C1EE52 /* FirebaseInstallations */,
				4BE5EEF02B57A22200C1EE52 /* FirebaseMLModelDownloader */,
				4BE5EEF22B57A22200C1EE52 /* FirebaseMessaging */,
				4BE5EEF42B57A22200C1EE52 /* FirebasePerformance */,
				4BE5EEF62B57A22200C1EE52 /* FirebaseRemoteConfig */,
				4BE5EEF82B57A22200C1EE52 /* FirebaseRemoteConfigSwift */,
				4BE5EEFA2B57A22200C1EE52 /* FirebaseStorage */,
				4BE5EEFC2B57A22200C1EE52 /* FirebaseStorageCombine-Community */,
				4BE5EEFF2B57A32400C1EE52 /* TinyConstraints */,
			);
			productName = FireStoreDemo;
			productReference = 5522B9722471301B00D4A354 /* FireStoreDemo.app */;
			productType = "com.apple.product-type.application";
		};
/* End PBXNativeTarget section */

/* Begin PBXProject section */
		5522B96A2471301B00D4A354 /* Project object */ = {
			isa = PBXProject;
			attributes = {
				LastSwiftUpdateCheck = 1140;
				LastUpgradeCheck = 1140;
				ORGANIZATIONNAME = Gokul;
				TargetAttributes = {
					5522B9712471301B00D4A354 = {
						CreatedOnToolsVersion = 11.4;
					};
				};
			};
			buildConfigurationList = 5522B96D2471301B00D4A354 /* Build configuration list for PBXProject "FireStoreDemo" */;
			compatibilityVersion = "Xcode 9.3";
			developmentRegion = en;
			hasScannedForEncodings = 0;
			knownRegions = (
				en,
				Base,
			);
			mainGroup = 5522B9692471301B00D4A354;
			packageReferences = (
				4BE5EEC72B57A22200C1EE52 /* XCRemoteSwiftPackageReference "firebase-ios-sdk" */,
				4BE5EEFE2B57A32400C1EE52 /* XCRemoteSwiftPackageReference "TinyConstraints" */,
			);
			productRefGroup = 5522B9732471301B00D4A354 /* Products */;
			projectDirPath = "";
			projectRoot = "";
			targets = (
				5522B9712471301B00D4A354 /* FireStoreDemo */,
			);
		};
/* End PBXProject section */

/* Begin PBXResourcesBuildPhase section */
		5522B9702471301B00D4A354 /* Resources */ = {
			isa = PBXResourcesBuildPhase;
			buildActionMask = 2147483647;
			files = (
				5573ECF22586761300EC074E /* CustomNavigationBar.xib in Resources */,
				55203D9C24BA2BD8009FAA8D /* LoginViewController.xib in Resources */,
				5522B9822471301E00D4A354 /* LaunchScreen.storyboard in Resources */,
				5522B97F2471301E00D4A354 /* Assets.xcassets in Resources */,
				5522B99224713F6700D4A354 /* SignUpViewController.xib in Resources */,
				4BBE02D52B58F3CD00C2E5C5 /* GoogleService-Info.plist in Resources */,
			);
			runOnlyForDeploymentPostprocessing = 0;
		};
/* End PBXResourcesBuildPhase section */

/* Begin PBXSourcesBuildPhase section */
		5522B96E2471301B00D4A354 /* Sources */ = {
			isa = PBXSourcesBuildPhase;
			buildActionMask = 2147483647;
			files = (
				556BB28124A8AFCC00B26325 /* LocalDataBase+CoreDataClass copy.swift in Sources */,
				556E58CA247D5D7000246DDE /* UserData.swift in Sources */,
				55CDF1A624D9C22F00409326 /* NewFriendTableViewCell.swift in Sources */,
				55E271BA24E43DAF00AC9E9E /* ChatCell.swift in Sources */,
				5573ECEC2586751900EC074E /* CustomNavigationBar.swift in Sources */,
				4BC666AF2B5B7C5900C5E619 /* BaseViewController.swift in Sources */,
				556E58C7247D5CD400246DDE /* HomeViewController.swift in Sources */,
				55E271B824E437E100AC9E9E /* BaseChatModel.swift in Sources */,
				556BB27D24A8AE5100B26325 /* FireStoreDemo.xcdatamodeld in Sources */,
				55433300249A850800D101CA /* HomeViewModel.swift in Sources */,
				5522B9762471301B00D4A354 /* AppDelegate.swift in Sources */,
				556BB28024A8AFCC00B26325 /* LocalDataBase+CoreDataProperties copy.swift in Sources */,
				55433303249A946500D101CA /* Dynamic.swift in Sources */,
				5529C7BE24D5BD530068ACBE /* Extensions.swift in Sources */,
				55433307249AA1A800D101CA /* HomeTableViewCell.swift in Sources */,
				55730F8424DE7EE700DD36FF /* ChatViewController.swift in Sources */,
				5522B9782471301B00D4A354 /* SceneDelegate.swift in Sources */,
				55A89E6324DB1C38008C05A0 /* Utility.swift in Sources */,
				55C1149A24D70EC000E39D94 /* ListingViewController.swift in Sources */,
				55203D9B24BA2BD8009FAA8D /* LoginViewController.swift in Sources */,
				5522B99124713F6700D4A354 /* SignUpViewController.swift in Sources */,
			);
			runOnlyForDeploymentPostprocessing = 0;
		};
/* End PBXSourcesBuildPhase section */

/* Begin PBXVariantGroup section */
		5522B9802471301E00D4A354 /* LaunchScreen.storyboard */ = {
			isa = PBXVariantGroup;
			children = (
				5522B9812471301E00D4A354 /* Base */,
			);
			name = LaunchScreen.storyboard;
			sourceTree = "<group>";
		};
/* End PBXVariantGroup section */

/* Begin XCBuildConfiguration section */
		5522B9842471301E00D4A354 /* Debug */ = {
			isa = XCBuildConfiguration;
			buildSettings = {
				ALWAYS_SEARCH_USER_PATHS = NO;
				CLANG_ANALYZER_NONNULL = YES;
				CLANG_ANALYZER_NUMBER_OBJECT_CONVERSION = YES_AGGRESSIVE;
				CLANG_CXX_LANGUAGE_STANDARD = "gnu++14";
				CLANG_CXX_LIBRARY = "libc++";
				CLANG_ENABLE_MODULES = YES;
				CLANG_ENABLE_OBJC_ARC = YES;
				CLANG_ENABLE_OBJC_WEAK = YES;
				CLANG_WARN_BLOCK_CAPTURE_AUTORELEASING = YES;
				CLANG_WARN_BOOL_CONVERSION = YES;
				CLANG_WARN_COMMA = YES;
				CLANG_WARN_CONSTANT_CONVERSION = YES;
				CLANG_WARN_DEPRECATED_OBJC_IMPLEMENTATIONS = YES;
				CLANG_WARN_DIRECT_OBJC_ISA_USAGE = YES_ERROR;
				CLANG_WARN_DOCUMENTATION_COMMENTS = YES;
				CLANG_WARN_EMPTY_BODY = YES;
				CLANG_WARN_ENUM_CONVERSION = YES;
				CLANG_WARN_INFINITE_RECURSION = YES;
				CLANG_WARN_INT_CONVERSION = YES;
				CLANG_WARN_NON_LITERAL_NULL_CONVERSION = YES;
				CLANG_WARN_OBJC_IMPLICIT_RETAIN_SELF = YES;
				CLANG_WARN_OBJC_LITERAL_CONVERSION = YES;
				CLANG_WARN_OBJC_ROOT_CLASS = YES_ERROR;
				CLANG_WARN_RANGE_LOOP_ANALYSIS = YES;
				CLANG_WARN_STRICT_PROTOTYPES = YES;
				CLANG_WARN_SUSPICIOUS_MOVE = YES;
				CLANG_WARN_UNGUARDED_AVAILABILITY = YES_AGGRESSIVE;
				CLANG_WARN_UNREACHABLE_CODE = YES;
				CLANG_WARN__DUPLICATE_METHOD_MATCH = YES;
				COPY_PHASE_STRIP = NO;
				DEBUG_INFORMATION_FORMAT = dwarf;
				ENABLE_STRICT_OBJC_MSGSEND = YES;
				ENABLE_TESTABILITY = YES;
				GCC_C_LANGUAGE_STANDARD = gnu11;
				GCC_DYNAMIC_NO_PIC = NO;
				GCC_NO_COMMON_BLOCKS = YES;
				GCC_OPTIMIZATION_LEVEL = 0;
				GCC_PREPROCESSOR_DEFINITIONS = (
					"DEBUG=1",
					"$(inherited)",
				);
				GCC_WARN_64_TO_32_BIT_CONVERSION = YES;
				GCC_WARN_ABOUT_RETURN_TYPE = YES_ERROR;
				GCC_WARN_UNDECLARED_SELECTOR = YES;
				GCC_WARN_UNINITIALIZED_AUTOS = YES_AGGRESSIVE;
				GCC_WARN_UNUSED_FUNCTION = YES;
				GCC_WARN_UNUSED_VARIABLE = YES;
				IPHONEOS_DEPLOYMENT_TARGET = 14.0;
				MTL_ENABLE_DEBUG_INFO = INCLUDE_SOURCE;
				MTL_FAST_MATH = YES;
				ONLY_ACTIVE_ARCH = YES;
				SDKROOT = iphoneos;
				SWIFT_ACTIVE_COMPILATION_CONDITIONS = DEBUG;
				SWIFT_OPTIMIZATION_LEVEL = "-Onone";
			};
			name = Debug;
		};
		5522B9852471301E00D4A354 /* Release */ = {
			isa = XCBuildConfiguration;
			buildSettings = {
				ALWAYS_SEARCH_USER_PATHS = NO;
				CLANG_ANALYZER_NONNULL = YES;
				CLANG_ANALYZER_NUMBER_OBJECT_CONVERSION = YES_AGGRESSIVE;
				CLANG_CXX_LANGUAGE_STANDARD = "gnu++14";
				CLANG_CXX_LIBRARY = "libc++";
				CLANG_ENABLE_MODULES = YES;
				CLANG_ENABLE_OBJC_ARC = YES;
				CLANG_ENABLE_OBJC_WEAK = YES;
				CLANG_WARN_BLOCK_CAPTURE_AUTORELEASING = YES;
				CLANG_WARN_BOOL_CONVERSION = YES;
				CLANG_WARN_COMMA = YES;
				CLANG_WARN_CONSTANT_CONVERSION = YES;
				CLANG_WARN_DEPRECATED_OBJC_IMPLEMENTATIONS = YES;
				CLANG_WARN_DIRECT_OBJC_ISA_USAGE = YES_ERROR;
				CLANG_WARN_DOCUMENTATION_COMMENTS = YES;
				CLANG_WARN_EMPTY_BODY = YES;
				CLANG_WARN_ENUM_CONVERSION = YES;
				CLANG_WARN_INFINITE_RECURSION = YES;
				CLANG_WARN_INT_CONVERSION = YES;
				CLANG_WARN_NON_LITERAL_NULL_CONVERSION = YES;
				CLANG_WARN_OBJC_IMPLICIT_RETAIN_SELF = YES;
				CLANG_WARN_OBJC_LITERAL_CONVERSION = YES;
				CLANG_WARN_OBJC_ROOT_CLASS = YES_ERROR;
				CLANG_WARN_RANGE_LOOP_ANALYSIS = YES;
				CLANG_WARN_STRICT_PROTOTYPES = YES;
				CLANG_WARN_SUSPICIOUS_MOVE = YES;
				CLANG_WARN_UNGUARDED_AVAILABILITY = YES_AGGRESSIVE;
				CLANG_WARN_UNREACHABLE_CODE = YES;
				CLANG_WARN__DUPLICATE_METHOD_MATCH = YES;
				COPY_PHASE_STRIP = NO;
				DEBUG_INFORMATION_FORMAT = "dwarf-with-dsym";
				ENABLE_NS_ASSERTIONS = NO;
				ENABLE_STRICT_OBJC_MSGSEND = YES;
				GCC_C_LANGUAGE_STANDARD = gnu11;
				GCC_NO_COMMON_BLOCKS = YES;
				GCC_WARN_64_TO_32_BIT_CONVERSION = YES;
				GCC_WARN_ABOUT_RETURN_TYPE = YES_ERROR;
				GCC_WARN_UNDECLARED_SELECTOR = YES;
				GCC_WARN_UNINITIALIZED_AUTOS = YES_AGGRESSIVE;
				GCC_WARN_UNUSED_FUNCTION = YES;
				GCC_WARN_UNUSED_VARIABLE = YES;
				IPHONEOS_DEPLOYMENT_TARGET = 14.0;
				MTL_ENABLE_DEBUG_INFO = NO;
				MTL_FAST_MATH = YES;
				SDKROOT = iphoneos;
				SWIFT_COMPILATION_MODE = wholemodule;
				SWIFT_OPTIMIZATION_LEVEL = "-O";
				VALIDATE_PRODUCT = YES;
			};
			name = Release;
		};
		5522B9872471301E00D4A354 /* Debug */ = {
			isa = XCBuildConfiguration;
			buildSettings = {
				ASSETCATALOG_COMPILER_APPICON_NAME = AppIcon;
				CODE_SIGN_STYLE = Automatic;
				DEVELOPMENT_TEAM = HS7B23PJ7S;
				INFOPLIST_FILE = FireStoreDemo/Info.plist;
				LD_RUNPATH_SEARCH_PATHS = (
					"$(inherited)",
					"@executable_path/Frameworks",
				);
				PRODUCT_BUNDLE_IDENTIFIER = gokul.FireStoreDemo;
				PRODUCT_NAME = "$(TARGET_NAME)";
				SWIFT_VERSION = 5.0;
				TARGETED_DEVICE_FAMILY = "1,2";
			};
			name = Debug;
		};
		5522B9882471301E00D4A354 /* Release */ = {
			isa = XCBuildConfiguration;
			buildSettings = {
				ASSETCATALOG_COMPILER_APPICON_NAME = AppIcon;
				CODE_SIGN_STYLE = Automatic;
				DEVELOPMENT_TEAM = HS7B23PJ7S;
				INFOPLIST_FILE = FireStoreDemo/Info.plist;
				LD_RUNPATH_SEARCH_PATHS = (
					"$(inherited)",
					"@executable_path/Frameworks",
				);
				PRODUCT_BUNDLE_IDENTIFIER = gokul.FireStoreDemo;
				PRODUCT_NAME = "$(TARGET_NAME)";
				SWIFT_VERSION = 5.0;
				TARGETED_DEVICE_FAMILY = "1,2";
			};
			name = Release;
		};
/* End XCBuildConfiguration section */

/* Begin XCConfigurationList section */
		5522B96D2471301B00D4A354 /* Build configuration list for PBXProject "FireStoreDemo" */ = {
			isa = XCConfigurationList;
			buildConfigurations = (
				5522B9842471301E00D4A354 /* Debug */,
				5522B9852471301E00D4A354 /* Release */,
			);
			defaultConfigurationIsVisible = 0;
			defaultConfigurationName = Release;
		};
		5522B9862471301E00D4A354 /* Build configuration list for PBXNativeTarget "FireStoreDemo" */ = {
			isa = XCConfigurationList;
			buildConfigurations = (
				5522B9872471301E00D4A354 /* Debug */,
				5522B9882471301E00D4A354 /* Release */,
			);
			defaultConfigurationIsVisible = 0;
			defaultConfigurationName = Release;
		};
/* End XCConfigurationList section */

/* Begin XCRemoteSwiftPackageReference section */
		4BE5EEC72B57A22200C1EE52 /* XCRemoteSwiftPackageReference "firebase-ios-sdk" */ = {
			isa = XCRemoteSwiftPackageReference;
			repositoryURL = "https://github.com/firebase/firebase-ios-sdk.git";
			requirement = {
				kind = upToNextMajorVersion;
				minimumVersion = 10.20.0;
			};
		};
		4BE5EEFE2B57A32400C1EE52 /* XCRemoteSwiftPackageReference "TinyConstraints" */ = {
			isa = XCRemoteSwiftPackageReference;
			repositoryURL = "https://github.com/roberthein/TinyConstraints.git";
			requirement = {
				kind = upToNextMajorVersion;
				minimumVersion = 4.0.2;
			};
		};
/* End XCRemoteSwiftPackageReference section */

/* Begin XCSwiftPackageProductDependency section */
		4BE5EEC82B57A22200C1EE52 /* FirebaseAnalytics */ = {
			isa = XCSwiftPackageProductDependency;
			package = 4BE5EEC72B57A22200C1EE52 /* XCRemoteSwiftPackageReference "firebase-ios-sdk" */;
			productName = FirebaseAnalytics;
		};
		4BE5EECA2B57A22200C1EE52 /* FirebaseAnalyticsOnDeviceConversion */ = {
			isa = XCSwiftPackageProductDependency;
			package = 4BE5EEC72B57A22200C1EE52 /* XCRemoteSwiftPackageReference "firebase-ios-sdk" */;
			productName = FirebaseAnalyticsOnDeviceConversion;
		};
		4BE5EECC2B57A22200C1EE52 /* FirebaseAnalyticsSwift */ = {
			isa = XCSwiftPackageProductDependency;
			package = 4BE5EEC72B57A22200C1EE52 /* XCRemoteSwiftPackageReference "firebase-ios-sdk" */;
			productName = FirebaseAnalyticsSwift;
		};
		4BE5EECE2B57A22200C1EE52 /* FirebaseAnalyticsWithoutAdIdSupport */ = {
			isa = XCSwiftPackageProductDependency;
			package = 4BE5EEC72B57A22200C1EE52 /* XCRemoteSwiftPackageReference "firebase-ios-sdk" */;
			productName = FirebaseAnalyticsWithoutAdIdSupport;
		};
		4BE5EED02B57A22200C1EE52 /* FirebaseAppCheck */ = {
			isa = XCSwiftPackageProductDependency;
			package = 4BE5EEC72B57A22200C1EE52 /* XCRemoteSwiftPackageReference "firebase-ios-sdk" */;
			productName = FirebaseAppCheck;
		};
		4BE5EED22B57A22200C1EE52 /* FirebaseAppDistribution-Beta */ = {
			isa = XCSwiftPackageProductDependency;
			package = 4BE5EEC72B57A22200C1EE52 /* XCRemoteSwiftPackageReference "firebase-ios-sdk" */;
			productName = "FirebaseAppDistribution-Beta";
		};
		4BE5EED42B57A22200C1EE52 /* FirebaseAuth */ = {
			isa = XCSwiftPackageProductDependency;
			package = 4BE5EEC72B57A22200C1EE52 /* XCRemoteSwiftPackageReference "firebase-ios-sdk" */;
			productName = FirebaseAuth;
		};
		4BE5EED62B57A22200C1EE52 /* FirebaseAuthCombine-Community */ = {
			isa = XCSwiftPackageProductDependency;
			package = 4BE5EEC72B57A22200C1EE52 /* XCRemoteSwiftPackageReference "firebase-ios-sdk" */;
			productName = "FirebaseAuthCombine-Community";
		};
		4BE5EED82B57A22200C1EE52 /* FirebaseCrashlytics */ = {
			isa = XCSwiftPackageProductDependency;
			package = 4BE5EEC72B57A22200C1EE52 /* XCRemoteSwiftPackageReference "firebase-ios-sdk" */;
			productName = FirebaseCrashlytics;
		};
		4BE5EEDA2B57A22200C1EE52 /* FirebaseDatabase */ = {
			isa = XCSwiftPackageProductDependency;
			package = 4BE5EEC72B57A22200C1EE52 /* XCRemoteSwiftPackageReference "firebase-ios-sdk" */;
			productName = FirebaseDatabase;
		};
		4BE5EEDC2B57A22200C1EE52 /* FirebaseDatabaseSwift */ = {
			isa = XCSwiftPackageProductDependency;
			package = 4BE5EEC72B57A22200C1EE52 /* XCRemoteSwiftPackageReference "firebase-ios-sdk" */;
			productName = FirebaseDatabaseSwift;
		};
		4BE5EEDE2B57A22200C1EE52 /* FirebaseDynamicLinks */ = {
			isa = XCSwiftPackageProductDependency;
			package = 4BE5EEC72B57A22200C1EE52 /* XCRemoteSwiftPackageReference "firebase-ios-sdk" */;
			productName = FirebaseDynamicLinks;
		};
		4BE5EEE02B57A22200C1EE52 /* FirebaseFirestore */ = {
			isa = XCSwiftPackageProductDependency;
			package = 4BE5EEC72B57A22200C1EE52 /* XCRemoteSwiftPackageReference "firebase-ios-sdk" */;
			productName = FirebaseFirestore;
		};
		4BE5EEE22B57A22200C1EE52 /* FirebaseFirestoreCombine-Community */ = {
			isa = XCSwiftPackageProductDependency;
			package = 4BE5EEC72B57A22200C1EE52 /* XCRemoteSwiftPackageReference "firebase-ios-sdk" */;
			productName = "FirebaseFirestoreCombine-Community";
		};
		4BE5EEE42B57A22200C1EE52 /* FirebaseFirestoreSwift */ = {
			isa = XCSwiftPackageProductDependency;
			package = 4BE5EEC72B57A22200C1EE52 /* XCRemoteSwiftPackageReference "firebase-ios-sdk" */;
			productName = FirebaseFirestoreSwift;
		};
		4BE5EEE62B57A22200C1EE52 /* FirebaseFunctions */ = {
			isa = XCSwiftPackageProductDependency;
			package = 4BE5EEC72B57A22200C1EE52 /* XCRemoteSwiftPackageReference "firebase-ios-sdk" */;
			productName = FirebaseFunctions;
		};
		4BE5EEE82B57A22200C1EE52 /* FirebaseFunctionsCombine-Community */ = {
			isa = XCSwiftPackageProductDependency;
			package = 4BE5EEC72B57A22200C1EE52 /* XCRemoteSwiftPackageReference "firebase-ios-sdk" */;
			productName = "FirebaseFunctionsCombine-Community";
		};
		4BE5EEEA2B57A22200C1EE52 /* FirebaseInAppMessaging-Beta */ = {
			isa = XCSwiftPackageProductDependency;
			package = 4BE5EEC72B57A22200C1EE52 /* XCRemoteSwiftPackageReference "firebase-ios-sdk" */;
			productName = "FirebaseInAppMessaging-Beta";
		};
		4BE5EEEC2B57A22200C1EE52 /* FirebaseInAppMessagingSwift-Beta */ = {
			isa = XCSwiftPackageProductDependency;
			package = 4BE5EEC72B57A22200C1EE52 /* XCRemoteSwiftPackageReference "firebase-ios-sdk" */;
			productName = "FirebaseInAppMessagingSwift-Beta";
		};
		4BE5EEEE2B57A22200C1EE52 /* FirebaseInstallations */ = {
			isa = XCSwiftPackageProductDependency;
			package = 4BE5EEC72B57A22200C1EE52 /* XCRemoteSwiftPackageReference "firebase-ios-sdk" */;
			productName = FirebaseInstallations;
		};
		4BE5EEF02B57A22200C1EE52 /* FirebaseMLModelDownloader */ = {
			isa = XCSwiftPackageProductDependency;
			package = 4BE5EEC72B57A22200C1EE52 /* XCRemoteSwiftPackageReference "firebase-ios-sdk" */;
			productName = FirebaseMLModelDownloader;
		};
		4BE5EEF22B57A22200C1EE52 /* FirebaseMessaging */ = {
			isa = XCSwiftPackageProductDependency;
			package = 4BE5EEC72B57A22200C1EE52 /* XCRemoteSwiftPackageReference "firebase-ios-sdk" */;
			productName = FirebaseMessaging;
		};
		4BE5EEF42B57A22200C1EE52 /* FirebasePerformance */ = {
			isa = XCSwiftPackageProductDependency;
			package = 4BE5EEC72B57A22200C1EE52 /* XCRemoteSwiftPackageReference "firebase-ios-sdk" */;
			productName = FirebasePerformance;
		};
		4BE5EEF62B57A22200C1EE52 /* FirebaseRemoteConfig */ = {
			isa = XCSwiftPackageProductDependency;
			package = 4BE5EEC72B57A22200C1EE52 /* XCRemoteSwiftPackageReference "firebase-ios-sdk" */;
			productName = FirebaseRemoteConfig;
		};
		4BE5EEF82B57A22200C1EE52 /* FirebaseRemoteConfigSwift */ = {
			isa = XCSwiftPackageProductDependency;
			package = 4BE5EEC72B57A22200C1EE52 /* XCRemoteSwiftPackageReference "firebase-ios-sdk" */;
			productName = FirebaseRemoteConfigSwift;
		};
		4BE5EEFA2B57A22200C1EE52 /* FirebaseStorage */ = {
			isa = XCSwiftPackageProductDependency;
			package = 4BE5EEC72B57A22200C1EE52 /* XCRemoteSwiftPackageReference "firebase-ios-sdk" */;
			productName = FirebaseStorage;
		};
		4BE5EEFC2B57A22200C1EE52 /* FirebaseStorageCombine-Community */ = {
			isa = XCSwiftPackageProductDependency;
			package = 4BE5EEC72B57A22200C1EE52 /* XCRemoteSwiftPackageReference "firebase-ios-sdk" */;
			productName = "FirebaseStorageCombine-Community";
		};
		4BE5EEFF2B57A32400C1EE52 /* TinyConstraints */ = {
			isa = XCSwiftPackageProductDependency;
			package = 4BE5EEFE2B57A32400C1EE52 /* XCRemoteSwiftPackageReference "TinyConstraints" */;
			productName = TinyConstraints;
		};
/* End XCSwiftPackageProductDependency section */

/* Begin XCVersionGroup section */
		556BB27B24A8AE5100B26325 /* FireStoreDemo.xcdatamodeld */ = {
			isa = XCVersionGroup;
			children = (
				556BB27C24A8AE5100B26325 /* FireStoreDemo.xcdatamodel */,
			);
			currentVersion = 556BB27C24A8AE5100B26325 /* FireStoreDemo.xcdatamodel */;
			path = FireStoreDemo.xcdatamodeld;
			sourceTree = "<group>";
			versionGroupType = wrapper.xcdatamodel;
		};
/* End XCVersionGroup section */
	};
	rootObject = 5522B96A2471301B00D4A354 /* Project object */;
}
